
Microsoft Visual Studio Solution File, Format Version 12.00
# Visual Studio Version 17
VisualStudioVersion = 17.2.32519.379
MinimumVisualStudioVersion = 10.0.40219.1
Project("{FAE04EC0-301F-11D3-BF4B-00C04F79EFBC}") = "calculator5", "calculator5\calculator5.csproj", "{66A11ABD-E897-4635-A809-34669D7F923A}"
EndProject
Global
	GlobalSection(SolutionConfigurationPlatforms) = preSolution
		Debug|Any CPU = Debug|Any CPU
		Release|Any CPU = Release|Any CPU
	EndGlobalSection
	GlobalSection(ProjectConfigurationPlatforms) = postSolution
		{66A11ABD-E897-4635-A809-34669D7F923A}.Debug|Any CPU.ActiveCfg = Debug|Any CPU
		{66A11ABD-E897-4635-A809-34669D7F923A}.Debug|Any CPU.Build.0 = Debug|Any CPU
		{66A11ABD-E897-4635-A809-34669D7F923A}.Release|Any CPU.ActiveCfg = Release|Any CPU
		{66A11ABD-E897-4635-A809-34669D7F923A}.Release|Any CPU.Build.0 = Release|Any CPU
	EndGlobalSection
	GlobalSection(SolutionProperties) = preSolution
		HideSolutionNode = FALSE
	EndGlobalSection
	GlobalSection(ExtensibilityGlobals) = postSolution
		SolutionGuid = {05A015C3-D9B5-4BBA-890D-510143B1B15C}
	EndGlobalSection
EndGlobal
